
Microsoft Visual Studio Solution File, Format Version 12.00
# Visual Studio Version 17
VisualStudioVersion = 17.1.32210.238
MinimumVisualStudioVersion = 10.0.40219.1
Project("{FAE04EC0-301F-11D3-BF4B-00C04F79EFBC}") = "ContainerManagement", "ContainerManagement.csproj", "{DBF547B4-4640-43B3-BA73-F11DDA1D4CE3}"
EndProject
Global
	GlobalSection(SolutionConfigurationPlatforms) = preSolution
		Debug|Any CPU = Debug|Any CPU
		Release|Any CPU = Release|Any CPU
	EndGlobalSection
	GlobalSection(ProjectConfigurationPlatforms) = postSolution
		{DBF547B4-4640-43B3-BA73-F11DDA1D4CE3}.Debug|Any CPU.ActiveCfg = Debug|Any CPU
		{DBF547B4-4640-43B3-BA73-F11DDA1D4CE3}.Debug|Any CPU.Build.0 = Debug|Any CPU
		{DBF547B4-4640-43B3-BA73-F11DDA1D4CE3}.Release|Any CPU.ActiveCfg = Release|Any CPU
		{DBF547B4-4640-43B3-BA73-F11DDA1D4CE3}.Release|Any CPU.Build.0 = Release|Any CPU
	EndGlobalSection
	GlobalSection(SolutionProperties) = preSolution
		HideSolutionNode = FALSE
	EndGlobalSection
	GlobalSection(ExtensibilityGlobals) = postSolution
		SolutionGuid = {DBB01214-268D-4A7B-A367-4D8B4805E702}
	EndGlobalSection
EndGlobal
