
Microsoft Visual Studio Solution File, Format Version 12.00
# Visual Studio Version 17
VisualStudioVersion = 17.1.32210.238
MinimumVisualStudioVersion = 10.0.40219.1
Project("{FAE04EC0-301F-11D3-BF4B-00C04F79EFBC}") = "FirstApp", "FirstApp.csproj", "{84E11B25-EDAB-48C3-A096-C0A9CD12AB34}"
EndProject
Global
	GlobalSection(SolutionConfigurationPlatforms) = preSolution
		Debug|Any CPU = Debug|Any CPU
		Release|Any CPU = Release|Any CPU
	EndGlobalSection
	GlobalSection(ProjectConfigurationPlatforms) = postSolution
		{84E11B25-EDAB-48C3-A096-C0A9CD12AB34}.Debug|Any CPU.ActiveCfg = Debug|Any CPU
		{84E11B25-EDAB-48C3-A096-C0A9CD12AB34}.Debug|Any CPU.Build.0 = Debug|Any CPU
		{84E11B25-EDAB-48C3-A096-C0A9CD12AB34}.Release|Any CPU.ActiveCfg = Release|Any CPU
		{84E11B25-EDAB-48C3-A096-C0A9CD12AB34}.Release|Any CPU.Build.0 = Release|Any CPU
	EndGlobalSection
	GlobalSection(SolutionProperties) = preSolution
		HideSolutionNode = FALSE
	EndGlobalSection
	GlobalSection(ExtensibilityGlobals) = postSolution
		SolutionGuid = {E2051938-D005-4240-8648-21E90BB2B785}
	EndGlobalSection
EndGlobal
